
Microsoft Visual Studio Solution File, Format Version 11.00
# Visual Studio 2010
Project("{F184B08F-C81C-45F6-A57F-5ABD9991F28F}") = "Mostech.Common.DAL", "Mostech.Common.DAL\Mostech.Common.DAL.vbproj", "{CAEA0C1C-B45F-40B4-B885-E301071BD237}"
EndProject
Global
	GlobalSection(SolutionConfigurationPlatforms) = preSolution
		Debug|Any CPU = Debug|Any CPU
		Release|Any CPU = Release|Any CPU
	EndGlobalSection
	GlobalSection(ProjectConfigurationPlatforms) = postSolution
		{CAEA0C1C-B45F-40B4-B885-E301071BD237}.Debug|Any CPU.ActiveCfg = Debug|Any CPU
		{CAEA0C1C-B45F-40B4-B885-E301071BD237}.Debug|Any CPU.Build.0 = Debug|Any CPU
		{CAEA0C1C-B45F-40B4-B885-E301071BD237}.Release|Any CPU.ActiveCfg = Release|Any CPU
		{CAEA0C1C-B45F-40B4-B885-E301071BD237}.Release|Any CPU.Build.0 = Release|Any CPU
	EndGlobalSection
	GlobalSection(SolutionProperties) = preSolution
		HideSolutionNode = FALSE
	EndGlobalSection
EndGlobal
