
Microsoft Visual Studio Solution File, Format Version 11.00
# Visual Studio 2010
Project("{F184B08F-C81C-45F6-A57F-5ABD9991F28F}") = "Mostech.StyleFile.Client", "Mostech.StyleFile.Client\Mostech.StyleFile.Client.vbproj", "{4CA21D3A-DEC6-4F95-8339-AAA2D9EB9A9C}"
EndProject
Project("{F184B08F-C81C-45F6-A57F-5ABD9991F28F}") = "Mostech.StyleFile.Entity", "..\Mostech.StyleFile.Entity\Mostech.StyleFile.Entity\Mostech.StyleFile.Entity.vbproj", "{6DAC1864-5F9A-470D-9650-9AE88856B37C}"
EndProject
Project("{F184B08F-C81C-45F6-A57F-5ABD9991F28F}") = "Mostech.StyleFile.Service", "..\Mostech.StyleFile.Service\Mostech.StyleFile.Service.vbproj", "{24B63FCA-4D91-43E8-860B-A6816873A66A}"
EndProject
Project("{F184B08F-C81C-45F6-A57F-5ABD9991F28F}") = "Mostech.StyleFile.Facade", "..\Mostech.StyleFile.Facade\Mostech.StyleFile.Facade.vbproj", "{75E8B6AA-4173-412B-AE26-20CEE761369E}"
EndProject
Project("{F184B08F-C81C-45F6-A57F-5ABD9991F28F}") = "Mostech.StyleFile.Factory", "..\Mostech.StyleFile.Factory\Mostech.StyleFile.Factory.vbproj", "{0F133339-43A1-46C9-BD6B-E1FFA85C3F76}"
EndProject
Project("{F184B08F-C81C-45F6-A57F-5ABD9991F28F}") = "Mostech.Common.Entity", "..\Mostech.Common.Entity\Mostech.Common.Entity.vbproj", "{194E7D90-6A43-4734-A49D-0CA552AEA108}"
EndProject
Project("{F184B08F-C81C-45F6-A57F-5ABD9991F28F}") = "Mostech.Common.Toolbox", "..\Mostech.Common.Toolbox\Mostech.Common.Toolbox\Mostech.Common.Toolbox.vbproj", "{E0CAAC3E-7EFF-48AF-8B77-59C79D1D1C0A}"
EndProject
Project("{F184B08F-C81C-45F6-A57F-5ABD9991F28F}") = "Mostech.Common.Settings", "..\Mostech.Common.Settings\Mostech.Common.Settings\Mostech.Common.Settings.vbproj", "{92697617-594E-4D40-8161-8BA44A2BDF3F}"
EndProject
Project("{F184B08F-C81C-45F6-A57F-5ABD9991F28F}") = "Mostech.Common.Logging", "..\Mostech.Common.Logging\Mostech.Common.Logging\Mostech.Common.Logging.vbproj", "{DAB72CC0-78D8-4680-8897-F5E72246E381}"
EndProject
Project("{F184B08F-C81C-45F6-A57F-5ABD9991F28F}") = "Mostech.Common.Resources", "..\Mostech.Common.Resources\Mostech.Common.Resources\Mostech.Common.Resources.vbproj", "{E7964839-67DC-4036-AC19-0D2D429CB3DD}"
EndProject
Project("{F184B08F-C81C-45F6-A57F-5ABD9991F28F}") = "Mostech.Common.Forms", "..\Mostech.Common.Forms\Mostech.Common.Forms\Mostech.Common.Forms.vbproj", "{2285917E-6E4A-43A4-9FCC-F7FBDDC374C7}"
EndProject
Project("{F184B08F-C81C-45F6-A57F-5ABD9991F28F}") = "Mostech.Common.DAL", "..\Mostech.Common.DAL\Mostech.Common.DAL\Mostech.Common.DAL.vbproj", "{CAEA0C1C-B45F-40B4-B885-E301071BD237}"
EndProject
Global
	GlobalSection(SolutionConfigurationPlatforms) = preSolution
		Debug|Any CPU = Debug|Any CPU
		Debug|Mixed Platforms = Debug|Mixed Platforms
		Debug|x86 = Debug|x86
		fwk2.0|Any CPU = fwk2.0|Any CPU
		fwk2.0|Mixed Platforms = fwk2.0|Mixed Platforms
		fwk2.0|x86 = fwk2.0|x86
		Release|Any CPU = Release|Any CPU
		Release|Mixed Platforms = Release|Mixed Platforms
		Release|x86 = Release|x86
		test1|Any CPU = test1|Any CPU
		test1|Mixed Platforms = test1|Mixed Platforms
		test1|x86 = test1|x86
	EndGlobalSection
	GlobalSection(ProjectConfigurationPlatforms) = postSolution
		{4CA21D3A-DEC6-4F95-8339-AAA2D9EB9A9C}.Debug|Any CPU.ActiveCfg = Debug|x86
		{4CA21D3A-DEC6-4F95-8339-AAA2D9EB9A9C}.Debug|Mixed Platforms.ActiveCfg = Debug|x86
		{4CA21D3A-DEC6-4F95-8339-AAA2D9EB9A9C}.Debug|Mixed Platforms.Build.0 = Debug|x86
		{4CA21D3A-DEC6-4F95-8339-AAA2D9EB9A9C}.Debug|x86.ActiveCfg = Debug|x86
		{4CA21D3A-DEC6-4F95-8339-AAA2D9EB9A9C}.Debug|x86.Build.0 = Debug|x86
		{4CA21D3A-DEC6-4F95-8339-AAA2D9EB9A9C}.fwk2.0|Any CPU.ActiveCfg = Release|x86
		{4CA21D3A-DEC6-4F95-8339-AAA2D9EB9A9C}.fwk2.0|Mixed Platforms.ActiveCfg = Release|x86
		{4CA21D3A-DEC6-4F95-8339-AAA2D9EB9A9C}.fwk2.0|Mixed Platforms.Build.0 = Release|x86
		{4CA21D3A-DEC6-4F95-8339-AAA2D9EB9A9C}.fwk2.0|x86.ActiveCfg = Release|x86
		{4CA21D3A-DEC6-4F95-8339-AAA2D9EB9A9C}.fwk2.0|x86.Build.0 = Release|x86
		{4CA21D3A-DEC6-4F95-8339-AAA2D9EB9A9C}.Release|Any CPU.ActiveCfg = Release|x86
		{4CA21D3A-DEC6-4F95-8339-AAA2D9EB9A9C}.Release|Mixed Platforms.ActiveCfg = Release|x86
		{4CA21D3A-DEC6-4F95-8339-AAA2D9EB9A9C}.Release|Mixed Platforms.Build.0 = Release|x86
		{4CA21D3A-DEC6-4F95-8339-AAA2D9EB9A9C}.Release|x86.ActiveCfg = Release|x86
		{4CA21D3A-DEC6-4F95-8339-AAA2D9EB9A9C}.Release|x86.Build.0 = Release|x86
		{4CA21D3A-DEC6-4F95-8339-AAA2D9EB9A9C}.test1|Any CPU.ActiveCfg = Release|x86
		{4CA21D3A-DEC6-4F95-8339-AAA2D9EB9A9C}.test1|Mixed Platforms.ActiveCfg = Release|x86
		{4CA21D3A-DEC6-4F95-8339-AAA2D9EB9A9C}.test1|Mixed Platforms.Build.0 = Release|x86
		{4CA21D3A-DEC6-4F95-8339-AAA2D9EB9A9C}.test1|x86.ActiveCfg = Release|x86
		{4CA21D3A-DEC6-4F95-8339-AAA2D9EB9A9C}.test1|x86.Build.0 = Release|x86
		{6DAC1864-5F9A-470D-9650-9AE88856B37C}.Debug|Any CPU.ActiveCfg = Debug|Any CPU
		{6DAC1864-5F9A-470D-9650-9AE88856B37C}.Debug|Any CPU.Build.0 = Debug|Any CPU
		{6DAC1864-5F9A-470D-9650-9AE88856B37C}.Debug|Mixed Platforms.ActiveCfg = Debug|Any CPU
		{6DAC1864-5F9A-470D-9650-9AE88856B37C}.Debug|Mixed Platforms.Build.0 = Debug|Any CPU
		{6DAC1864-5F9A-470D-9650-9AE88856B37C}.Debug|x86.ActiveCfg = Debug|Any CPU
		{6DAC1864-5F9A-470D-9650-9AE88856B37C}.fwk2.0|Any CPU.ActiveCfg = Release|Any CPU
		{6DAC1864-5F9A-470D-9650-9AE88856B37C}.fwk2.0|Any CPU.Build.0 = Release|Any CPU
		{6DAC1864-5F9A-470D-9650-9AE88856B37C}.fwk2.0|Mixed Platforms.ActiveCfg = Release|Any CPU
		{6DAC1864-5F9A-470D-9650-9AE88856B37C}.fwk2.0|Mixed Platforms.Build.0 = Release|Any CPU
		{6DAC1864-5F9A-470D-9650-9AE88856B37C}.fwk2.0|x86.ActiveCfg = Release|Any CPU
		{6DAC1864-5F9A-470D-9650-9AE88856B37C}.Release|Any CPU.ActiveCfg = Release|Any CPU
		{6DAC1864-5F9A-470D-9650-9AE88856B37C}.Release|Any CPU.Build.0 = Release|Any CPU
		{6DAC1864-5F9A-470D-9650-9AE88856B37C}.Release|Mixed Platforms.ActiveCfg = Release|Any CPU
		{6DAC1864-5F9A-470D-9650-9AE88856B37C}.Release|Mixed Platforms.Build.0 = Release|Any CPU
		{6DAC1864-5F9A-470D-9650-9AE88856B37C}.Release|x86.ActiveCfg = Release|Any CPU
		{6DAC1864-5F9A-470D-9650-9AE88856B37C}.test1|Any CPU.ActiveCfg = Release|Any CPU
		{6DAC1864-5F9A-470D-9650-9AE88856B37C}.test1|Any CPU.Build.0 = Release|Any CPU
		{6DAC1864-5F9A-470D-9650-9AE88856B37C}.test1|Mixed Platforms.ActiveCfg = Release|Any CPU
		{6DAC1864-5F9A-470D-9650-9AE88856B37C}.test1|Mixed Platforms.Build.0 = Release|Any CPU
		{6DAC1864-5F9A-470D-9650-9AE88856B37C}.test1|x86.ActiveCfg = Release|Any CPU
		{24B63FCA-4D91-43E8-860B-A6816873A66A}.Debug|Any CPU.ActiveCfg = Debug|Any CPU
		{24B63FCA-4D91-43E8-860B-A6816873A66A}.Debug|Any CPU.Build.0 = Debug|Any CPU
		{24B63FCA-4D91-43E8-860B-A6816873A66A}.Debug|Mixed Platforms.ActiveCfg = Debug|Any CPU
		{24B63FCA-4D91-43E8-860B-A6816873A66A}.Debug|Mixed Platforms.Build.0 = Debug|Any CPU
		{24B63FCA-4D91-43E8-860B-A6816873A66A}.Debug|x86.ActiveCfg = Debug|Any CPU
		{24B63FCA-4D91-43E8-860B-A6816873A66A}.fwk2.0|Any CPU.ActiveCfg = Release|Any CPU
		{24B63FCA-4D91-43E8-860B-A6816873A66A}.fwk2.0|Any CPU.Build.0 = Release|Any CPU
		{24B63FCA-4D91-43E8-860B-A6816873A66A}.fwk2.0|Mixed Platforms.ActiveCfg = Release|Any CPU
		{24B63FCA-4D91-43E8-860B-A6816873A66A}.fwk2.0|Mixed Platforms.Build.0 = Release|Any CPU
		{24B63FCA-4D91-43E8-860B-A6816873A66A}.fwk2.0|x86.ActiveCfg = Release|Any CPU
		{24B63FCA-4D91-43E8-860B-A6816873A66A}.Release|Any CPU.ActiveCfg = Release|Any CPU
		{24B63FCA-4D91-43E8-860B-A6816873A66A}.Release|Any CPU.Build.0 = Release|Any CPU
		{24B63FCA-4D91-43E8-860B-A6816873A66A}.Release|Mixed Platforms.ActiveCfg = Release|Any CPU
		{24B63FCA-4D91-43E8-860B-A6816873A66A}.Release|Mixed Platforms.Build.0 = Release|Any CPU
		{24B63FCA-4D91-43E8-860B-A6816873A66A}.Release|x86.ActiveCfg = Release|Any CPU
		{24B63FCA-4D91-43E8-860B-A6816873A66A}.test1|Any CPU.ActiveCfg = Release|Any CPU
		{24B63FCA-4D91-43E8-860B-A6816873A66A}.test1|Any CPU.Build.0 = Release|Any CPU
		{24B63FCA-4D91-43E8-860B-A6816873A66A}.test1|Mixed Platforms.ActiveCfg = Release|Any CPU
		{24B63FCA-4D91-43E8-860B-A6816873A66A}.test1|Mixed Platforms.Build.0 = Release|Any CPU
		{24B63FCA-4D91-43E8-860B-A6816873A66A}.test1|x86.ActiveCfg = Release|Any CPU
		{75E8B6AA-4173-412B-AE26-20CEE761369E}.Debug|Any CPU.ActiveCfg = Debug|Any CPU
		{75E8B6AA-4173-412B-AE26-20CEE761369E}.Debug|Any CPU.Build.0 = Debug|Any CPU
		{75E8B6AA-4173-412B-AE26-20CEE761369E}.Debug|Mixed Platforms.ActiveCfg = Debug|Any CPU
		{75E8B6AA-4173-412B-AE26-20CEE761369E}.Debug|Mixed Platforms.Build.0 = Debug|Any CPU
		{75E8B6AA-4173-412B-AE26-20CEE761369E}.Debug|x86.ActiveCfg = Debug|Any CPU
		{75E8B6AA-4173-412B-AE26-20CEE761369E}.fwk2.0|Any CPU.ActiveCfg = Release|Any CPU
		{75E8B6AA-4173-412B-AE26-20CEE761369E}.fwk2.0|Any CPU.Build.0 = Release|Any CPU
		{75E8B6AA-4173-412B-AE26-20CEE761369E}.fwk2.0|Mixed Platforms.ActiveCfg = Release|Any CPU
		{75E8B6AA-4173-412B-AE26-20CEE761369E}.fwk2.0|Mixed Platforms.Build.0 = Release|Any CPU
		{75E8B6AA-4173-412B-AE26-20CEE761369E}.fwk2.0|x86.ActiveCfg = Release|Any CPU
		{75E8B6AA-4173-412B-AE26-20CEE761369E}.Release|Any CPU.ActiveCfg = Release|Any CPU
		{75E8B6AA-4173-412B-AE26-20CEE761369E}.Release|Any CPU.Build.0 = Release|Any CPU
		{75E8B6AA-4173-412B-AE26-20CEE761369E}.Release|Mixed Platforms.ActiveCfg = Release|Any CPU
		{75E8B6AA-4173-412B-AE26-20CEE761369E}.Release|Mixed Platforms.Build.0 = Release|Any CPU
		{75E8B6AA-4173-412B-AE26-20CEE761369E}.Release|x86.ActiveCfg = Release|Any CPU
		{75E8B6AA-4173-412B-AE26-20CEE761369E}.test1|Any CPU.ActiveCfg = Release|Any CPU
		{75E8B6AA-4173-412B-AE26-20CEE761369E}.test1|Any CPU.Build.0 = Release|Any CPU
		{75E8B6AA-4173-412B-AE26-20CEE761369E}.test1|Mixed Platforms.ActiveCfg = Release|Any CPU
		{75E8B6AA-4173-412B-AE26-20CEE761369E}.test1|Mixed Platforms.Build.0 = Release|Any CPU
		{75E8B6AA-4173-412B-AE26-20CEE761369E}.test1|x86.ActiveCfg = Release|Any CPU
		{0F133339-43A1-46C9-BD6B-E1FFA85C3F76}.Debug|Any CPU.ActiveCfg = Debug|Any CPU
		{0F133339-43A1-46C9-BD6B-E1FFA85C3F76}.Debug|Any CPU.Build.0 = Debug|Any CPU
		{0F133339-43A1-46C9-BD6B-E1FFA85C3F76}.Debug|Mixed Platforms.ActiveCfg = Debug|Any CPU
		{0F133339-43A1-46C9-BD6B-E1FFA85C3F76}.Debug|Mixed Platforms.Build.0 = Debug|Any CPU
		{0F133339-43A1-46C9-BD6B-E1FFA85C3F76}.Debug|x86.ActiveCfg = Debug|Any CPU
		{0F133339-43A1-46C9-BD6B-E1FFA85C3F76}.fwk2.0|Any CPU.ActiveCfg = Release|Any CPU
		{0F133339-43A1-46C9-BD6B-E1FFA85C3F76}.fwk2.0|Any CPU.Build.0 = Release|Any CPU
		{0F133339-43A1-46C9-BD6B-E1FFA85C3F76}.fwk2.0|Mixed Platforms.ActiveCfg = Release|Any CPU
		{0F133339-43A1-46C9-BD6B-E1FFA85C3F76}.fwk2.0|Mixed Platforms.Build.0 = Release|Any CPU
		{0F133339-43A1-46C9-BD6B-E1FFA85C3F76}.fwk2.0|x86.ActiveCfg = Release|Any CPU
		{0F133339-43A1-46C9-BD6B-E1FFA85C3F76}.Release|Any CPU.ActiveCfg = Release|Any CPU
		{0F133339-43A1-46C9-BD6B-E1FFA85C3F76}.Release|Any CPU.Build.0 = Release|Any CPU
		{0F133339-43A1-46C9-BD6B-E1FFA85C3F76}.Release|Mixed Platforms.ActiveCfg = Release|Any CPU
		{0F133339-43A1-46C9-BD6B-E1FFA85C3F76}.Release|Mixed Platforms.Build.0 = Release|Any CPU
		{0F133339-43A1-46C9-BD6B-E1FFA85C3F76}.Release|x86.ActiveCfg = Release|Any CPU
		{0F133339-43A1-46C9-BD6B-E1FFA85C3F76}.test1|Any CPU.ActiveCfg = Release|Any CPU
		{0F133339-43A1-46C9-BD6B-E1FFA85C3F76}.test1|Any CPU.Build.0 = Release|Any CPU
		{0F133339-43A1-46C9-BD6B-E1FFA85C3F76}.test1|Mixed Platforms.ActiveCfg = Release|Any CPU
		{0F133339-43A1-46C9-BD6B-E1FFA85C3F76}.test1|Mixed Platforms.Build.0 = Release|Any CPU
		{0F133339-43A1-46C9-BD6B-E1FFA85C3F76}.test1|x86.ActiveCfg = Release|Any CPU
		{194E7D90-6A43-4734-A49D-0CA552AEA108}.Debug|Any CPU.ActiveCfg = Debug|Any CPU
		{194E7D90-6A43-4734-A49D-0CA552AEA108}.Debug|Any CPU.Build.0 = Debug|Any CPU
		{194E7D90-6A43-4734-A49D-0CA552AEA108}.Debug|Mixed Platforms.ActiveCfg = Debug|Any CPU
		{194E7D90-6A43-4734-A49D-0CA552AEA108}.Debug|Mixed Platforms.Build.0 = Debug|Any CPU
		{194E7D90-6A43-4734-A49D-0CA552AEA108}.Debug|x86.ActiveCfg = Debug|Any CPU
		{194E7D90-6A43-4734-A49D-0CA552AEA108}.fwk2.0|Any CPU.ActiveCfg = Release|Any CPU
		{194E7D90-6A43-4734-A49D-0CA552AEA108}.fwk2.0|Any CPU.Build.0 = Release|Any CPU
		{194E7D90-6A43-4734-A49D-0CA552AEA108}.fwk2.0|Mixed Platforms.ActiveCfg = Release|Any CPU
		{194E7D90-6A43-4734-A49D-0CA552AEA108}.fwk2.0|Mixed Platforms.Build.0 = Release|Any CPU
		{194E7D90-6A43-4734-A49D-0CA552AEA108}.fwk2.0|x86.ActiveCfg = Release|Any CPU
		{194E7D90-6A43-4734-A49D-0CA552AEA108}.Release|Any CPU.ActiveCfg = Release|Any CPU
		{194E7D90-6A43-4734-A49D-0CA552AEA108}.Release|Any CPU.Build.0 = Release|Any CPU
		{194E7D90-6A43-4734-A49D-0CA552AEA108}.Release|Mixed Platforms.ActiveCfg = Release|Any CPU
		{194E7D90-6A43-4734-A49D-0CA552AEA108}.Release|Mixed Platforms.Build.0 = Release|Any CPU
		{194E7D90-6A43-4734-A49D-0CA552AEA108}.Release|x86.ActiveCfg = Release|Any CPU
		{194E7D90-6A43-4734-A49D-0CA552AEA108}.test1|Any CPU.ActiveCfg = Release|Any CPU
		{194E7D90-6A43-4734-A49D-0CA552AEA108}.test1|Any CPU.Build.0 = Release|Any CPU
		{194E7D90-6A43-4734-A49D-0CA552AEA108}.test1|Mixed Platforms.ActiveCfg = Release|Any CPU
		{194E7D90-6A43-4734-A49D-0CA552AEA108}.test1|Mixed Platforms.Build.0 = Release|Any CPU
		{194E7D90-6A43-4734-A49D-0CA552AEA108}.test1|x86.ActiveCfg = Release|Any CPU
		{E0CAAC3E-7EFF-48AF-8B77-59C79D1D1C0A}.Debug|Any CPU.ActiveCfg = Debug|Any CPU
		{E0CAAC3E-7EFF-48AF-8B77-59C79D1D1C0A}.Debug|Any CPU.Build.0 = Debug|Any CPU
		{E0CAAC3E-7EFF-48AF-8B77-59C79D1D1C0A}.Debug|Mixed Platforms.ActiveCfg = Debug|Any CPU
		{E0CAAC3E-7EFF-48AF-8B77-59C79D1D1C0A}.Debug|Mixed Platforms.Build.0 = Debug|Any CPU
		{E0CAAC3E-7EFF-48AF-8B77-59C79D1D1C0A}.Debug|x86.ActiveCfg = Debug|Any CPU
		{E0CAAC3E-7EFF-48AF-8B77-59C79D1D1C0A}.fwk2.0|Any CPU.ActiveCfg = Release|Any CPU
		{E0CAAC3E-7EFF-48AF-8B77-59C79D1D1C0A}.fwk2.0|Any CPU.Build.0 = Release|Any CPU
		{E0CAAC3E-7EFF-48AF-8B77-59C79D1D1C0A}.fwk2.0|Mixed Platforms.ActiveCfg = Release|Any CPU
		{E0CAAC3E-7EFF-48AF-8B77-59C79D1D1C0A}.fwk2.0|Mixed Platforms.Build.0 = Release|Any CPU
		{E0CAAC3E-7EFF-48AF-8B77-59C79D1D1C0A}.fwk2.0|x86.ActiveCfg = Release|Any CPU
		{E0CAAC3E-7EFF-48AF-8B77-59C79D1D1C0A}.Release|Any CPU.ActiveCfg = Release|Any CPU
		{E0CAAC3E-7EFF-48AF-8B77-59C79D1D1C0A}.Release|Any CPU.Build.0 = Release|Any CPU
		{E0CAAC3E-7EFF-48AF-8B77-59C79D1D1C0A}.Release|Mixed Platforms.ActiveCfg = Release|Any CPU
		{E0CAAC3E-7EFF-48AF-8B77-59C79D1D1C0A}.Release|Mixed Platforms.Build.0 = Release|Any CPU
		{E0CAAC3E-7EFF-48AF-8B77-59C79D1D1C0A}.Release|x86.ActiveCfg = Release|Any CPU
		{E0CAAC3E-7EFF-48AF-8B77-59C79D1D1C0A}.test1|Any CPU.ActiveCfg = Release|Any CPU
		{E0CAAC3E-7EFF-48AF-8B77-59C79D1D1C0A}.test1|Any CPU.Build.0 = Release|Any CPU
		{E0CAAC3E-7EFF-48AF-8B77-59C79D1D1C0A}.test1|Mixed Platforms.ActiveCfg = Release|Any CPU
		{E0CAAC3E-7EFF-48AF-8B77-59C79D1D1C0A}.test1|Mixed Platforms.Build.0 = Release|Any CPU
		{E0CAAC3E-7EFF-48AF-8B77-59C79D1D1C0A}.test1|x86.ActiveCfg = Release|Any CPU
		{92697617-594E-4D40-8161-8BA44A2BDF3F}.Debug|Any CPU.ActiveCfg = Debug|Any CPU
		{92697617-594E-4D40-8161-8BA44A2BDF3F}.Debug|Any CPU.Build.0 = Debug|Any CPU
		{92697617-594E-4D40-8161-8BA44A2BDF3F}.Debug|Mixed Platforms.ActiveCfg = Debug|Any CPU
		{92697617-594E-4D40-8161-8BA44A2BDF3F}.Debug|Mixed Platforms.Build.0 = Debug|Any CPU
		{92697617-594E-4D40-8161-8BA44A2BDF3F}.Debug|x86.ActiveCfg = Debug|Any CPU
		{92697617-594E-4D40-8161-8BA44A2BDF3F}.fwk2.0|Any CPU.ActiveCfg = Release|Any CPU
		{92697617-594E-4D40-8161-8BA44A2BDF3F}.fwk2.0|Any CPU.Build.0 = Release|Any CPU
		{92697617-594E-4D40-8161-8BA44A2BDF3F}.fwk2.0|Mixed Platforms.ActiveCfg = Release|Any CPU
		{92697617-594E-4D40-8161-8BA44A2BDF3F}.fwk2.0|Mixed Platforms.Build.0 = Release|Any CPU
		{92697617-594E-4D40-8161-8BA44A2BDF3F}.fwk2.0|x86.ActiveCfg = Release|Any CPU
		{92697617-594E-4D40-8161-8BA44A2BDF3F}.Release|Any CPU.ActiveCfg = Release|Any CPU
		{92697617-594E-4D40-8161-8BA44A2BDF3F}.Release|Any CPU.Build.0 = Release|Any CPU
		{92697617-594E-4D40-8161-8BA44A2BDF3F}.Release|Mixed Platforms.ActiveCfg = Release|Any CPU
		{92697617-594E-4D40-8161-8BA44A2BDF3F}.Release|Mixed Platforms.Build.0 = Release|Any CPU
		{92697617-594E-4D40-8161-8BA44A2BDF3F}.Release|x86.ActiveCfg = Release|Any CPU
		{92697617-594E-4D40-8161-8BA44A2BDF3F}.test1|Any CPU.ActiveCfg = Release|Any CPU
		{92697617-594E-4D40-8161-8BA44A2BDF3F}.test1|Any CPU.Build.0 = Release|Any CPU
		{92697617-594E-4D40-8161-8BA44A2BDF3F}.test1|Mixed Platforms.ActiveCfg = Release|Any CPU
		{92697617-594E-4D40-8161-8BA44A2BDF3F}.test1|Mixed Platforms.Build.0 = Release|Any CPU
		{92697617-594E-4D40-8161-8BA44A2BDF3F}.test1|x86.ActiveCfg = Release|Any CPU
		{DAB72CC0-78D8-4680-8897-F5E72246E381}.Debug|Any CPU.ActiveCfg = Debug|Any CPU
		{DAB72CC0-78D8-4680-8897-F5E72246E381}.Debug|Any CPU.Build.0 = Debug|Any CPU
		{DAB72CC0-78D8-4680-8897-F5E72246E381}.Debug|Mixed Platforms.ActiveCfg = Debug|Any CPU
		{DAB72CC0-78D8-4680-8897-F5E72246E381}.Debug|Mixed Platforms.Build.0 = Debug|Any CPU
		{DAB72CC0-78D8-4680-8897-F5E72246E381}.Debug|x86.ActiveCfg = Debug|Any CPU
		{DAB72CC0-78D8-4680-8897-F5E72246E381}.fwk2.0|Any CPU.ActiveCfg = Release|Any CPU
		{DAB72CC0-78D8-4680-8897-F5E72246E381}.fwk2.0|Any CPU.Build.0 = Release|Any CPU
		{DAB72CC0-78D8-4680-8897-F5E72246E381}.fwk2.0|Mixed Platforms.ActiveCfg = Release|Any CPU
		{DAB72CC0-78D8-4680-8897-F5E72246E381}.fwk2.0|Mixed Platforms.Build.0 = Release|Any CPU
		{DAB72CC0-78D8-4680-8897-F5E72246E381}.fwk2.0|x86.ActiveCfg = Release|Any CPU
		{DAB72CC0-78D8-4680-8897-F5E72246E381}.Release|Any CPU.ActiveCfg = Release|Any CPU
		{DAB72CC0-78D8-4680-8897-F5E72246E381}.Release|Any CPU.Build.0 = Release|Any CPU
		{DAB72CC0-78D8-4680-8897-F5E72246E381}.Release|Mixed Platforms.ActiveCfg = Release|Any CPU
		{DAB72CC0-78D8-4680-8897-F5E72246E381}.Release|Mixed Platforms.Build.0 = Release|Any CPU
		{DAB72CC0-78D8-4680-8897-F5E72246E381}.Release|x86.ActiveCfg = Release|Any CPU
		{DAB72CC0-78D8-4680-8897-F5E72246E381}.test1|Any CPU.ActiveCfg = Release|Any CPU
		{DAB72CC0-78D8-4680-8897-F5E72246E381}.test1|Any CPU.Build.0 = Release|Any CPU
		{DAB72CC0-78D8-4680-8897-F5E72246E381}.test1|Mixed Platforms.ActiveCfg = Release|Any CPU
		{DAB72CC0-78D8-4680-8897-F5E72246E381}.test1|Mixed Platforms.Build.0 = Release|Any CPU
		{DAB72CC0-78D8-4680-8897-F5E72246E381}.test1|x86.ActiveCfg = Release|Any CPU
		{E7964839-67DC-4036-AC19-0D2D429CB3DD}.Debug|Any CPU.ActiveCfg = Debug|Any CPU
		{E7964839-67DC-4036-AC19-0D2D429CB3DD}.Debug|Any CPU.Build.0 = Debug|Any CPU
		{E7964839-67DC-4036-AC19-0D2D429CB3DD}.Debug|Mixed Platforms.ActiveCfg = Debug|Any CPU
		{E7964839-67DC-4036-AC19-0D2D429CB3DD}.Debug|Mixed Platforms.Build.0 = Debug|Any CPU
		{E7964839-67DC-4036-AC19-0D2D429CB3DD}.Debug|x86.ActiveCfg = Debug|Any CPU
		{E7964839-67DC-4036-AC19-0D2D429CB3DD}.fwk2.0|Any CPU.ActiveCfg = Release|Any CPU
		{E7964839-67DC-4036-AC19-0D2D429CB3DD}.fwk2.0|Any CPU.Build.0 = Release|Any CPU
		{E7964839-67DC-4036-AC19-0D2D429CB3DD}.fwk2.0|Mixed Platforms.ActiveCfg = Release|Any CPU
		{E7964839-67DC-4036-AC19-0D2D429CB3DD}.fwk2.0|Mixed Platforms.Build.0 = Release|Any CPU
		{E7964839-67DC-4036-AC19-0D2D429CB3DD}.fwk2.0|x86.ActiveCfg = Release|Any CPU
		{E7964839-67DC-4036-AC19-0D2D429CB3DD}.Release|Any CPU.ActiveCfg = Release|Any CPU
		{E7964839-67DC-4036-AC19-0D2D429CB3DD}.Release|Any CPU.Build.0 = Release|Any CPU
		{E7964839-67DC-4036-AC19-0D2D429CB3DD}.Release|Mixed Platforms.ActiveCfg = Release|Any CPU
		{E7964839-67DC-4036-AC19-0D2D429CB3DD}.Release|Mixed Platforms.Build.0 = Release|Any CPU
		{E7964839-67DC-4036-AC19-0D2D429CB3DD}.Release|x86.ActiveCfg = Release|Any CPU
		{E7964839-67DC-4036-AC19-0D2D429CB3DD}.test1|Any CPU.ActiveCfg = Release|Any CPU
		{E7964839-67DC-4036-AC19-0D2D429CB3DD}.test1|Any CPU.Build.0 = Release|Any CPU
		{E7964839-67DC-4036-AC19-0D2D429CB3DD}.test1|Mixed Platforms.ActiveCfg = Release|Any CPU
		{E7964839-67DC-4036-AC19-0D2D429CB3DD}.test1|Mixed Platforms.Build.0 = Release|Any CPU
		{E7964839-67DC-4036-AC19-0D2D429CB3DD}.test1|x86.ActiveCfg = Release|Any CPU
		{2285917E-6E4A-43A4-9FCC-F7FBDDC374C7}.Debug|Any CPU.ActiveCfg = Debug|Any CPU
		{2285917E-6E4A-43A4-9FCC-F7FBDDC374C7}.Debug|Any CPU.Build.0 = Debug|Any CPU
		{2285917E-6E4A-43A4-9FCC-F7FBDDC374C7}.Debug|Mixed Platforms.ActiveCfg = Debug|Any CPU
		{2285917E-6E4A-43A4-9FCC-F7FBDDC374C7}.Debug|Mixed Platforms.Build.0 = Debug|Any CPU
		{2285917E-6E4A-43A4-9FCC-F7FBDDC374C7}.Debug|x86.ActiveCfg = Debug|Any CPU
		{2285917E-6E4A-43A4-9FCC-F7FBDDC374C7}.fwk2.0|Any CPU.ActiveCfg = Release|Any CPU
		{2285917E-6E4A-43A4-9FCC-F7FBDDC374C7}.fwk2.0|Any CPU.Build.0 = Release|Any CPU
		{2285917E-6E4A-43A4-9FCC-F7FBDDC374C7}.fwk2.0|Mixed Platforms.ActiveCfg = Release|Any CPU
		{2285917E-6E4A-43A4-9FCC-F7FBDDC374C7}.fwk2.0|Mixed Platforms.Build.0 = Release|Any CPU
		{2285917E-6E4A-43A4-9FCC-F7FBDDC374C7}.fwk2.0|x86.ActiveCfg = Release|Any CPU
		{2285917E-6E4A-43A4-9FCC-F7FBDDC374C7}.Release|Any CPU.ActiveCfg = Release|Any CPU
		{2285917E-6E4A-43A4-9FCC-F7FBDDC374C7}.Release|Any CPU.Build.0 = Release|Any CPU
		{2285917E-6E4A-43A4-9FCC-F7FBDDC374C7}.Release|Mixed Platforms.ActiveCfg = Release|Any CPU
		{2285917E-6E4A-43A4-9FCC-F7FBDDC374C7}.Release|Mixed Platforms.Build.0 = Release|Any CPU
		{2285917E-6E4A-43A4-9FCC-F7FBDDC374C7}.Release|x86.ActiveCfg = Release|Any CPU
		{2285917E-6E4A-43A4-9FCC-F7FBDDC374C7}.test1|Any CPU.ActiveCfg = Release|Any CPU
		{2285917E-6E4A-43A4-9FCC-F7FBDDC374C7}.test1|Any CPU.Build.0 = Release|Any CPU
		{2285917E-6E4A-43A4-9FCC-F7FBDDC374C7}.test1|Mixed Platforms.ActiveCfg = Release|Any CPU
		{2285917E-6E4A-43A4-9FCC-F7FBDDC374C7}.test1|Mixed Platforms.Build.0 = Release|Any CPU
		{2285917E-6E4A-43A4-9FCC-F7FBDDC374C7}.test1|x86.ActiveCfg = Release|Any CPU
		{CAEA0C1C-B45F-40B4-B885-E301071BD237}.Debug|Any CPU.ActiveCfg = Debug|Any CPU
		{CAEA0C1C-B45F-40B4-B885-E301071BD237}.Debug|Any CPU.Build.0 = Debug|Any CPU
		{CAEA0C1C-B45F-40B4-B885-E301071BD237}.Debug|Mixed Platforms.ActiveCfg = Debug|Any CPU
		{CAEA0C1C-B45F-40B4-B885-E301071BD237}.Debug|Mixed Platforms.Build.0 = Debug|Any CPU
		{CAEA0C1C-B45F-40B4-B885-E301071BD237}.Debug|x86.ActiveCfg = Debug|Any CPU
		{CAEA0C1C-B45F-40B4-B885-E301071BD237}.fwk2.0|Any CPU.ActiveCfg = Release|Any CPU
		{CAEA0C1C-B45F-40B4-B885-E301071BD237}.fwk2.0|Any CPU.Build.0 = Release|Any CPU
		{CAEA0C1C-B45F-40B4-B885-E301071BD237}.fwk2.0|Mixed Platforms.ActiveCfg = Release|Any CPU
		{CAEA0C1C-B45F-40B4-B885-E301071BD237}.fwk2.0|Mixed Platforms.Build.0 = Release|Any CPU
		{CAEA0C1C-B45F-40B4-B885-E301071BD237}.fwk2.0|x86.ActiveCfg = Release|Any CPU
		{CAEA0C1C-B45F-40B4-B885-E301071BD237}.Release|Any CPU.ActiveCfg = Release|Any CPU
		{CAEA0C1C-B45F-40B4-B885-E301071BD237}.Release|Any CPU.Build.0 = Release|Any CPU
		{CAEA0C1C-B45F-40B4-B885-E301071BD237}.Release|Mixed Platforms.ActiveCfg = Release|Any CPU
		{CAEA0C1C-B45F-40B4-B885-E301071BD237}.Release|Mixed Platforms.Build.0 = Release|Any CPU
		{CAEA0C1C-B45F-40B4-B885-E301071BD237}.Release|x86.ActiveCfg = Release|Any CPU
		{CAEA0C1C-B45F-40B4-B885-E301071BD237}.test1|Any CPU.ActiveCfg = Release|Any CPU
		{CAEA0C1C-B45F-40B4-B885-E301071BD237}.test1|Any CPU.Build.0 = Release|Any CPU
		{CAEA0C1C-B45F-40B4-B885-E301071BD237}.test1|Mixed Platforms.ActiveCfg = Release|Any CPU
		{CAEA0C1C-B45F-40B4-B885-E301071BD237}.test1|Mixed Platforms.Build.0 = Release|Any CPU
		{CAEA0C1C-B45F-40B4-B885-E301071BD237}.test1|x86.ActiveCfg = Release|Any CPU
	EndGlobalSection
	GlobalSection(SolutionProperties) = preSolution
		HideSolutionNode = FALSE
	EndGlobalSection
EndGlobal
